
Microsoft Visual Studio Solution File, Format Version 12.00
# Visual Studio Version 16
VisualStudioVersion = 16.0.30621.155
MinimumVisualStudioVersion = 10.0.40219.1
Project("{FAE04EC0-301F-11D3-BF4B-00C04F79EFBC}") = "01_Types01", "01_Types01\01_Types01.csproj", "{44A756F5-7274-4F08-9624-4005A12722FD}"
EndProject
Project("{FAE04EC0-301F-11D3-BF4B-00C04F79EFBC}") = "02_Conditions", "02_Conditions\02_Conditions.csproj", "{FB9CC673-F6F5-4855-AB29-AB2A4A554E19}"
EndProject
Project("{FAE04EC0-301F-11D3-BF4B-00C04F79EFBC}") = "06_RepositoryPattern_Console", "06_RepositoryPattern_Console\06_RepositoryPattern_Console.csproj", "{086FF469-89EF-46C2-B71A-4336F7ABC7BD}"
EndProject
Project("{FAE04EC0-301F-11D3-BF4B-00C04F79EFBC}") = "06_RepositoryPattern_Tests", "06_RepositoryPattern_Tests\06_RepositoryPattern_Tests.csproj", "{2DBE8C16-2071-4AC7-9738-FDF67312AAB3}"
EndProject
Project("{FAE04EC0-301F-11D3-BF4B-00C04F79EFBC}") = "06_RepositoryPattern_Repository", "06_RepositoryPattern_Repository\06_RepositoryPattern_Repository.csproj", "{BC6583CC-76ED-4B22-8028-CF87B0D7BCB8}"
EndProject
Global
	GlobalSection(SolutionConfigurationPlatforms) = preSolution
		Debug|Any CPU = Debug|Any CPU
		Release|Any CPU = Release|Any CPU
	EndGlobalSection
	GlobalSection(ProjectConfigurationPlatforms) = postSolution
		{44A756F5-7274-4F08-9624-4005A12722FD}.Debug|Any CPU.ActiveCfg = Debug|Any CPU
		{44A756F5-7274-4F08-9624-4005A12722FD}.Debug|Any CPU.Build.0 = Debug|Any CPU
		{44A756F5-7274-4F08-9624-4005A12722FD}.Release|Any CPU.ActiveCfg = Release|Any CPU
		{44A756F5-7274-4F08-9624-4005A12722FD}.Release|Any CPU.Build.0 = Release|Any CPU
		{FB9CC673-F6F5-4855-AB29-AB2A4A554E19}.Debug|Any CPU.ActiveCfg = Debug|Any CPU
		{FB9CC673-F6F5-4855-AB29-AB2A4A554E19}.Debug|Any CPU.Build.0 = Debug|Any CPU
		{FB9CC673-F6F5-4855-AB29-AB2A4A554E19}.Release|Any CPU.ActiveCfg = Release|Any CPU
		{FB9CC673-F6F5-4855-AB29-AB2A4A554E19}.Release|Any CPU.Build.0 = Release|Any CPU
		{086FF469-89EF-46C2-B71A-4336F7ABC7BD}.Debug|Any CPU.ActiveCfg = Debug|Any CPU
		{086FF469-89EF-46C2-B71A-4336F7ABC7BD}.Debug|Any CPU.Build.0 = Debug|Any CPU
		{086FF469-89EF-46C2-B71A-4336F7ABC7BD}.Release|Any CPU.ActiveCfg = Release|Any CPU
		{086FF469-89EF-46C2-B71A-4336F7ABC7BD}.Release|Any CPU.Build.0 = Release|Any CPU
		{2DBE8C16-2071-4AC7-9738-FDF67312AAB3}.Debug|Any CPU.ActiveCfg = Debug|Any CPU
		{2DBE8C16-2071-4AC7-9738-FDF67312AAB3}.Debug|Any CPU.Build.0 = Debug|Any CPU
		{2DBE8C16-2071-4AC7-9738-FDF67312AAB3}.Release|Any CPU.ActiveCfg = Release|Any CPU
		{2DBE8C16-2071-4AC7-9738-FDF67312AAB3}.Release|Any CPU.Build.0 = Release|Any CPU
		{BC6583CC-76ED-4B22-8028-CF87B0D7BCB8}.Debug|Any CPU.ActiveCfg = Debug|Any CPU
		{BC6583CC-76ED-4B22-8028-CF87B0D7BCB8}.Debug|Any CPU.Build.0 = Debug|Any CPU
		{BC6583CC-76ED-4B22-8028-CF87B0D7BCB8}.Release|Any CPU.ActiveCfg = Release|Any CPU
		{BC6583CC-76ED-4B22-8028-CF87B0D7BCB8}.Release|Any CPU.Build.0 = Release|Any CPU
	EndGlobalSection
	GlobalSection(SolutionProperties) = preSolution
		HideSolutionNode = FALSE
	EndGlobalSection
	GlobalSection(ExtensibilityGlobals) = postSolution
		SolutionGuid = {A4CEC6AE-8364-4D7F-9B4C-47EE409D692F}
	EndGlobalSection
EndGlobal
