
Microsoft Visual Studio Solution File, Format Version 12.00
# Visual Studio Version 16
VisualStudioVersion = 16.0.30621.155
MinimumVisualStudioVersion = 10.0.40219.1
Project("{FAE04EC0-301F-11D3-BF4B-00C04F79EFBC}") = "CSharpValueTypes", "CSharpValueTypes\CSharpValueTypes.csproj", "{5462363A-7BC8-4D62-AEF6-1B932560C519}"
EndProject
Global
	GlobalSection(SolutionConfigurationPlatforms) = preSolution
		Debug|Any CPU = Debug|Any CPU
		Release|Any CPU = Release|Any CPU
	EndGlobalSection
	GlobalSection(ProjectConfigurationPlatforms) = postSolution
		{5462363A-7BC8-4D62-AEF6-1B932560C519}.Debug|Any CPU.ActiveCfg = Debug|Any CPU
		{5462363A-7BC8-4D62-AEF6-1B932560C519}.Debug|Any CPU.Build.0 = Debug|Any CPU
		{5462363A-7BC8-4D62-AEF6-1B932560C519}.Release|Any CPU.ActiveCfg = Release|Any CPU
		{5462363A-7BC8-4D62-AEF6-1B932560C519}.Release|Any CPU.Build.0 = Release|Any CPU
	EndGlobalSection
	GlobalSection(SolutionProperties) = preSolution
		HideSolutionNode = FALSE
	EndGlobalSection
	GlobalSection(ExtensibilityGlobals) = postSolution
		SolutionGuid = {1A7788CB-2FED-4854-8FC6-A60B2AA60FE0}
	EndGlobalSection
EndGlobal
